
Microsoft Visual Studio Solution File, Format Version 12.00
# Visual Studio Version 17
VisualStudioVersion = 17.14.36518.9 d17.14
MinimumVisualStudioVersion = 10.0.40219.1
Project("{FAE04EC0-301F-11D3-BF4B-00C04F79EFBC}") = "Console", "Console\Console.csproj", "{87C07136-5208-46F8-BA28-ADCFEE7D7DC7}"
EndProject
Global
	GlobalSection(SolutionConfigurationPlatforms) = preSolution
		Debug|Any CPU = Debug|Any CPU
		Release|Any CPU = Release|Any CPU
	EndGlobalSection
	GlobalSection(ProjectConfigurationPlatforms) = postSolution
		{87C07136-5208-46F8-BA28-ADCFEE7D7DC7}.Debug|Any CPU.ActiveCfg = Debug|Any CPU
		{87C07136-5208-46F8-BA28-ADCFEE7D7DC7}.Debug|Any CPU.Build.0 = Debug|Any CPU
		{87C07136-5208-46F8-BA28-ADCFEE7D7DC7}.Release|Any CPU.ActiveCfg = Release|Any CPU
		{87C07136-5208-46F8-BA28-ADCFEE7D7DC7}.Release|Any CPU.Build.0 = Release|Any CPU
	EndGlobalSection
	GlobalSection(SolutionProperties) = preSolution
		HideSolutionNode = FALSE
	EndGlobalSection
	GlobalSection(ExtensibilityGlobals) = postSolution
		SolutionGuid = {35874A21-CDF0-4F50-908F-5C69A42D5C71}
	EndGlobalSection
EndGlobal
